
Microsoft Visual Studio Solution File, Format Version 12.00
# Visual Studio Version 16
VisualStudioVersion = 16.0.31105.61
MinimumVisualStudioVersion = 10.0.40219.1
Project("{2150E333-8FDC-42A3-9474-1A3956D46DE8}") = "src", "src", "{C3E1A3AF-1BDC-4B46-BE6E-4F731AD28E4A}"
EndProject
Project("{2150E333-8FDC-42A3-9474-1A3956D46DE8}") = "Building Blocks", "Building Blocks", "{AFB42F33-7971-4D2B-A2E7-C898052FEEB2}"
EndProject
Project("{2150E333-8FDC-42A3-9474-1A3956D46DE8}") = "Services", "Services", "{413BCC1A-37FC-496D-828A-2DDE250DF4E6}"
EndProject
Project("{2150E333-8FDC-42A3-9474-1A3956D46DE8}") = "Web", "Web", "{0F4FB6E0-98FA-406A-8370-C726581012E7}"
EndProject
Project("{2150E333-8FDC-42A3-9474-1A3956D46DE8}") = "Identidade", "Identidade", "{BE5FC9F4-0BDA-45D2-84FC-2AFC03075FBB}"
EndProject
Project("{FAE04EC0-301F-11D3-BF4B-00C04F79EFBC}") = "NSE.Identidade.API", "src\services\NSE.Identidade.API\NSE.Identidade.API.csproj", "{C3807557-2E48-4F7F-8CDB-B4CA334699B1}"
EndProject
Project("{2150E333-8FDC-42A3-9474-1A3956D46DE8}") = "MVC", "MVC", "{1A9A1480-FA65-449C-A133-FE9ED069C3B4}"
EndProject
Project("{FAE04EC0-301F-11D3-BF4B-00C04F79EFBC}") = "NSE.WebApp.MVC", "src\web\NSE.WebApp.MVC\NSE.WebApp.MVC.csproj", "{D3EE964E-EBF6-4EAD-B808-D16E87F42731}"
EndProject
Project("{2150E333-8FDC-42A3-9474-1A3956D46DE8}") = "Core", "Core", "{D947836D-C55D-4E12-A8FD-CEC18A18E408}"
EndProject
Project("{FAE04EC0-301F-11D3-BF4B-00C04F79EFBC}") = "NSE.Core", "src\building blocks\NSE.Core\NSE.Core.csproj", "{654E7DF9-67FB-4160-A0BF-BFA61558C254}"
EndProject
Project("{2150E333-8FDC-42A3-9474-1A3956D46DE8}") = "Carrinho", "Carrinho", "{F46A6C35-CC85-4595-8A72-C3E03ADE7F45}"
EndProject
Project("{2150E333-8FDC-42A3-9474-1A3956D46DE8}") = "Catalogo", "Catalogo", "{C6747927-AAE4-4943-B2B2-CBC3FBA0ECC0}"
EndProject
Project("{2150E333-8FDC-42A3-9474-1A3956D46DE8}") = "Cliente", "Cliente", "{20515D8F-E606-4D81-A7BA-6D2480F845BA}"
EndProject
Project("{2150E333-8FDC-42A3-9474-1A3956D46DE8}") = "Pagamento", "Pagamento", "{274FCC3A-927F-4BF0-8E21-16108BC5C6D8}"
EndProject
Project("{2150E333-8FDC-42A3-9474-1A3956D46DE8}") = "Pedido", "Pedido", "{A1554471-F624-436F-B06B-77AAA671AC1C}"
EndProject
Project("{FAE04EC0-301F-11D3-BF4B-00C04F79EFBC}") = "NSE.Carrinho.API", "src\services\NSE.Carrinho.API\NSE.Carrinho.API.csproj", "{E8717A25-CEBE-49CE-A88B-63A042D2CCA7}"
EndProject
Project("{FAE04EC0-301F-11D3-BF4B-00C04F79EFBC}") = "NSE.Catalogo.API", "src\services\NSE.Catalogo.API\NSE.Catalogo.API.csproj", "{1EC79BA5-85ED-4E0C-9678-1BDDEC76D5F8}"
EndProject
Project("{FAE04EC0-301F-11D3-BF4B-00C04F79EFBC}") = "NSE.Cliente.API", "src\services\NSE.Cliente.API\NSE.Cliente.API.csproj", "{3A6301D0-2E28-4317-9FE9-B0CAEEB971E4}"
EndProject
Project("{FAE04EC0-301F-11D3-BF4B-00C04F79EFBC}") = "NSE.Pagamento.API", "src\services\NSE.Pagamento.API\NSE.Pagamento.API.csproj", "{8B3BF348-2083-4432-A71E-AE43FEA903AF}"
EndProject
Project("{FAE04EC0-301F-11D3-BF4B-00C04F79EFBC}") = "NSE.Pedido.API", "src\services\NSE.Pedido.API\NSE.Pedido.API.csproj", "{2A650EA4-081A-4DD1-A3BB-278185A6DE70}"
EndProject
Global
	GlobalSection(SolutionConfigurationPlatforms) = preSolution
		Debug|Any CPU = Debug|Any CPU
		Release|Any CPU = Release|Any CPU
	EndGlobalSection
	GlobalSection(ProjectConfigurationPlatforms) = postSolution
		{C3807557-2E48-4F7F-8CDB-B4CA334699B1}.Debug|Any CPU.ActiveCfg = Debug|Any CPU
		{C3807557-2E48-4F7F-8CDB-B4CA334699B1}.Debug|Any CPU.Build.0 = Debug|Any CPU
		{C3807557-2E48-4F7F-8CDB-B4CA334699B1}.Release|Any CPU.ActiveCfg = Release|Any CPU
		{C3807557-2E48-4F7F-8CDB-B4CA334699B1}.Release|Any CPU.Build.0 = Release|Any CPU
		{D3EE964E-EBF6-4EAD-B808-D16E87F42731}.Debug|Any CPU.ActiveCfg = Debug|Any CPU
		{D3EE964E-EBF6-4EAD-B808-D16E87F42731}.Debug|Any CPU.Build.0 = Debug|Any CPU
		{D3EE964E-EBF6-4EAD-B808-D16E87F42731}.Release|Any CPU.ActiveCfg = Release|Any CPU
		{D3EE964E-EBF6-4EAD-B808-D16E87F42731}.Release|Any CPU.Build.0 = Release|Any CPU
		{654E7DF9-67FB-4160-A0BF-BFA61558C254}.Debug|Any CPU.ActiveCfg = Debug|Any CPU
		{654E7DF9-67FB-4160-A0BF-BFA61558C254}.Debug|Any CPU.Build.0 = Debug|Any CPU
		{654E7DF9-67FB-4160-A0BF-BFA61558C254}.Release|Any CPU.ActiveCfg = Release|Any CPU
		{654E7DF9-67FB-4160-A0BF-BFA61558C254}.Release|Any CPU.Build.0 = Release|Any CPU
		{E8717A25-CEBE-49CE-A88B-63A042D2CCA7}.Debug|Any CPU.ActiveCfg = Debug|Any CPU
		{E8717A25-CEBE-49CE-A88B-63A042D2CCA7}.Debug|Any CPU.Build.0 = Debug|Any CPU
		{E8717A25-CEBE-49CE-A88B-63A042D2CCA7}.Release|Any CPU.ActiveCfg = Release|Any CPU
		{E8717A25-CEBE-49CE-A88B-63A042D2CCA7}.Release|Any CPU.Build.0 = Release|Any CPU
		{1EC79BA5-85ED-4E0C-9678-1BDDEC76D5F8}.Debug|Any CPU.ActiveCfg = Debug|Any CPU
		{1EC79BA5-85ED-4E0C-9678-1BDDEC76D5F8}.Debug|Any CPU.Build.0 = Debug|Any CPU
		{1EC79BA5-85ED-4E0C-9678-1BDDEC76D5F8}.Release|Any CPU.ActiveCfg = Release|Any CPU
		{1EC79BA5-85ED-4E0C-9678-1BDDEC76D5F8}.Release|Any CPU.Build.0 = Release|Any CPU
		{3A6301D0-2E28-4317-9FE9-B0CAEEB971E4}.Debug|Any CPU.ActiveCfg = Debug|Any CPU
		{3A6301D0-2E28-4317-9FE9-B0CAEEB971E4}.Debug|Any CPU.Build.0 = Debug|Any CPU
		{3A6301D0-2E28-4317-9FE9-B0CAEEB971E4}.Release|Any CPU.ActiveCfg = Release|Any CPU
		{3A6301D0-2E28-4317-9FE9-B0CAEEB971E4}.Release|Any CPU.Build.0 = Release|Any CPU
		{8B3BF348-2083-4432-A71E-AE43FEA903AF}.Debug|Any CPU.ActiveCfg = Debug|Any CPU
		{8B3BF348-2083-4432-A71E-AE43FEA903AF}.Debug|Any CPU.Build.0 = Debug|Any CPU
		{8B3BF348-2083-4432-A71E-AE43FEA903AF}.Release|Any CPU.ActiveCfg = Release|Any CPU
		{8B3BF348-2083-4432-A71E-AE43FEA903AF}.Release|Any CPU.Build.0 = Release|Any CPU
		{2A650EA4-081A-4DD1-A3BB-278185A6DE70}.Debug|Any CPU.ActiveCfg = Debug|Any CPU
		{2A650EA4-081A-4DD1-A3BB-278185A6DE70}.Debug|Any CPU.Build.0 = Debug|Any CPU
		{2A650EA4-081A-4DD1-A3BB-278185A6DE70}.Release|Any CPU.ActiveCfg = Release|Any CPU
		{2A650EA4-081A-4DD1-A3BB-278185A6DE70}.Release|Any CPU.Build.0 = Release|Any CPU
	EndGlobalSection
	GlobalSection(SolutionProperties) = preSolution
		HideSolutionNode = FALSE
	EndGlobalSection
	GlobalSection(NestedProjects) = preSolution
		{AFB42F33-7971-4D2B-A2E7-C898052FEEB2} = {C3E1A3AF-1BDC-4B46-BE6E-4F731AD28E4A}
		{413BCC1A-37FC-496D-828A-2DDE250DF4E6} = {C3E1A3AF-1BDC-4B46-BE6E-4F731AD28E4A}
		{0F4FB6E0-98FA-406A-8370-C726581012E7} = {C3E1A3AF-1BDC-4B46-BE6E-4F731AD28E4A}
		{BE5FC9F4-0BDA-45D2-84FC-2AFC03075FBB} = {413BCC1A-37FC-496D-828A-2DDE250DF4E6}
		{C3807557-2E48-4F7F-8CDB-B4CA334699B1} = {BE5FC9F4-0BDA-45D2-84FC-2AFC03075FBB}
		{1A9A1480-FA65-449C-A133-FE9ED069C3B4} = {0F4FB6E0-98FA-406A-8370-C726581012E7}
		{D3EE964E-EBF6-4EAD-B808-D16E87F42731} = {1A9A1480-FA65-449C-A133-FE9ED069C3B4}
		{D947836D-C55D-4E12-A8FD-CEC18A18E408} = {AFB42F33-7971-4D2B-A2E7-C898052FEEB2}
		{654E7DF9-67FB-4160-A0BF-BFA61558C254} = {D947836D-C55D-4E12-A8FD-CEC18A18E408}
		{F46A6C35-CC85-4595-8A72-C3E03ADE7F45} = {413BCC1A-37FC-496D-828A-2DDE250DF4E6}
		{C6747927-AAE4-4943-B2B2-CBC3FBA0ECC0} = {413BCC1A-37FC-496D-828A-2DDE250DF4E6}
		{20515D8F-E606-4D81-A7BA-6D2480F845BA} = {413BCC1A-37FC-496D-828A-2DDE250DF4E6}
		{274FCC3A-927F-4BF0-8E21-16108BC5C6D8} = {413BCC1A-37FC-496D-828A-2DDE250DF4E6}
		{A1554471-F624-436F-B06B-77AAA671AC1C} = {413BCC1A-37FC-496D-828A-2DDE250DF4E6}
		{E8717A25-CEBE-49CE-A88B-63A042D2CCA7} = {F46A6C35-CC85-4595-8A72-C3E03ADE7F45}
		{1EC79BA5-85ED-4E0C-9678-1BDDEC76D5F8} = {C6747927-AAE4-4943-B2B2-CBC3FBA0ECC0}
		{3A6301D0-2E28-4317-9FE9-B0CAEEB971E4} = {20515D8F-E606-4D81-A7BA-6D2480F845BA}
		{8B3BF348-2083-4432-A71E-AE43FEA903AF} = {274FCC3A-927F-4BF0-8E21-16108BC5C6D8}
		{2A650EA4-081A-4DD1-A3BB-278185A6DE70} = {A1554471-F624-436F-B06B-77AAA671AC1C}
	EndGlobalSection
	GlobalSection(ExtensibilityGlobals) = postSolution
		SolutionGuid = {F903A11D-C363-45D0-A88E-10A0ED50919E}
	EndGlobalSection
EndGlobal
